
Microsoft Visual Studio Solution File, Format Version 12.00
# Visual Studio 15
VisualStudioVersion = 15.0.28010.2046
MinimumVisualStudioVersion = 10.0.40219.1
Project("{FAE04EC0-301F-11D3-BF4B-00C04F79EFBC}") = "Generics", "Generics\Generics.csproj", "{29BCC00F-5025-45F8-BEB5-29447BF68BEF}"
EndProject
Project("{2150E333-8FDC-42A3-9474-1A3956D46DE8}") = "Solution Items", "Solution Items", "{2E69AF14-62BC-4C4C-BFC2-7544A16791F8}"
	ProjectSection(SolutionItems) = preProject
		.gitignore = .gitignore
	EndProjectSection
EndProject
Project("{FAE04EC0-301F-11D3-BF4B-00C04F79EFBC}") = "Delegates", "Delegates\Delegates.csproj", "{3C8CBADA-B5F9-4CAC-8D82-5402164B3AAF}"
EndProject
Project("{FAE04EC0-301F-11D3-BF4B-00C04F79EFBC}") = "LambdaExpressions", "LambdaExpressions\LambdaExpressions.csproj", "{281B2CA5-39F0-45ED-BCD9-981050B1F16E}"
EndProject
Global
	GlobalSection(SolutionConfigurationPlatforms) = preSolution
		Debug|Any CPU = Debug|Any CPU
		Release|Any CPU = Release|Any CPU
	EndGlobalSection
	GlobalSection(ProjectConfigurationPlatforms) = postSolution
		{29BCC00F-5025-45F8-BEB5-29447BF68BEF}.Debug|Any CPU.ActiveCfg = Debug|Any CPU
		{29BCC00F-5025-45F8-BEB5-29447BF68BEF}.Debug|Any CPU.Build.0 = Debug|Any CPU
		{29BCC00F-5025-45F8-BEB5-29447BF68BEF}.Release|Any CPU.ActiveCfg = Release|Any CPU
		{29BCC00F-5025-45F8-BEB5-29447BF68BEF}.Release|Any CPU.Build.0 = Release|Any CPU
		{3C8CBADA-B5F9-4CAC-8D82-5402164B3AAF}.Debug|Any CPU.ActiveCfg = Debug|Any CPU
		{3C8CBADA-B5F9-4CAC-8D82-5402164B3AAF}.Debug|Any CPU.Build.0 = Debug|Any CPU
		{3C8CBADA-B5F9-4CAC-8D82-5402164B3AAF}.Release|Any CPU.ActiveCfg = Release|Any CPU
		{3C8CBADA-B5F9-4CAC-8D82-5402164B3AAF}.Release|Any CPU.Build.0 = Release|Any CPU
		{281B2CA5-39F0-45ED-BCD9-981050B1F16E}.Debug|Any CPU.ActiveCfg = Debug|Any CPU
		{281B2CA5-39F0-45ED-BCD9-981050B1F16E}.Debug|Any CPU.Build.0 = Debug|Any CPU
		{281B2CA5-39F0-45ED-BCD9-981050B1F16E}.Release|Any CPU.ActiveCfg = Release|Any CPU
		{281B2CA5-39F0-45ED-BCD9-981050B1F16E}.Release|Any CPU.Build.0 = Release|Any CPU
	EndGlobalSection
	GlobalSection(SolutionProperties) = preSolution
		HideSolutionNode = FALSE
	EndGlobalSection
	GlobalSection(ExtensibilityGlobals) = postSolution
		SolutionGuid = {DBE8AC0F-CFCE-4C7A-9033-B2B0DFB52484}
	EndGlobalSection
EndGlobal
